
Microsoft Visual Studio Solution File, Format Version 12.00
# Visual Studio Version 17
VisualStudioVersion = 17.2.32602.215
MinimumVisualStudioVersion = 10.0.40219.1
Project("{9A19103F-16F7-4668-BE54-9A1E7A4F7556}") = "aux-wallet", "aux-wallet\aux-wallet.csproj", "{A7903C03-E68F-4EA6-B52F-E3EAF5B47C31}"
EndProject
Project("{9A19103F-16F7-4668-BE54-9A1E7A4F7556}") = "aux-core", "aux-core\aux-core.csproj", "{F8A89724-5109-4E45-8DB8-278493DABAD2}"
EndProject
Project("{9A19103F-16F7-4668-BE54-9A1E7A4F7556}") = "aux-chrome", "aux-chrome\aux-chrome.csproj", "{BB2FBD41-BD38-44EA-BC47-55801638BD09}"
EndProject
Project("{54435603-DBB4-11D2-8724-00A0C9A8B90C}") = "au-x wallet", "aux-setup\aux-setup.vdproj", "{DC110E1E-9580-49F0-B855-B02FBE8A2E1B}"
EndProject
Global
	GlobalSection(SolutionConfigurationPlatforms) = preSolution
		Debug|Any CPU = Debug|Any CPU
		Debug|ARM = Debug|ARM
		Debug|ARM64 = Debug|ARM64
		Debug|x64 = Debug|x64
		Debug|x86 = Debug|x86
		Release|Any CPU = Release|Any CPU
		Release|ARM = Release|ARM
		Release|ARM64 = Release|ARM64
		Release|x64 = Release|x64
		Release|x86 = Release|x86
	EndGlobalSection
	GlobalSection(ProjectConfigurationPlatforms) = postSolution
		{A7903C03-E68F-4EA6-B52F-E3EAF5B47C31}.Debug|Any CPU.ActiveCfg = Debug|Any CPU
		{A7903C03-E68F-4EA6-B52F-E3EAF5B47C31}.Debug|Any CPU.Build.0 = Debug|Any CPU
		{A7903C03-E68F-4EA6-B52F-E3EAF5B47C31}.Debug|ARM.ActiveCfg = Debug|Any CPU
		{A7903C03-E68F-4EA6-B52F-E3EAF5B47C31}.Debug|ARM.Build.0 = Debug|Any CPU
		{A7903C03-E68F-4EA6-B52F-E3EAF5B47C31}.Debug|ARM64.ActiveCfg = Debug|Any CPU
		{A7903C03-E68F-4EA6-B52F-E3EAF5B47C31}.Debug|ARM64.Build.0 = Debug|Any CPU
		{A7903C03-E68F-4EA6-B52F-E3EAF5B47C31}.Debug|x64.ActiveCfg = Debug|Any CPU
		{A7903C03-E68F-4EA6-B52F-E3EAF5B47C31}.Debug|x64.Build.0 = Debug|Any CPU
		{A7903C03-E68F-4EA6-B52F-E3EAF5B47C31}.Debug|x86.ActiveCfg = Debug|Any CPU
		{A7903C03-E68F-4EA6-B52F-E3EAF5B47C31}.Debug|x86.Build.0 = Debug|Any CPU
		{A7903C03-E68F-4EA6-B52F-E3EAF5B47C31}.Release|Any CPU.ActiveCfg = Release|Any CPU
		{A7903C03-E68F-4EA6-B52F-E3EAF5B47C31}.Release|Any CPU.Build.0 = Release|Any CPU
		{A7903C03-E68F-4EA6-B52F-E3EAF5B47C31}.Release|ARM.ActiveCfg = Release|Any CPU
		{A7903C03-E68F-4EA6-B52F-E3EAF5B47C31}.Release|ARM.Build.0 = Release|Any CPU
		{A7903C03-E68F-4EA6-B52F-E3EAF5B47C31}.Release|ARM64.ActiveCfg = Release|Any CPU
		{A7903C03-E68F-4EA6-B52F-E3EAF5B47C31}.Release|ARM64.Build.0 = Release|Any CPU
		{A7903C03-E68F-4EA6-B52F-E3EAF5B47C31}.Release|x64.ActiveCfg = Release|Any CPU
		{A7903C03-E68F-4EA6-B52F-E3EAF5B47C31}.Release|x64.Build.0 = Release|Any CPU
		{A7903C03-E68F-4EA6-B52F-E3EAF5B47C31}.Release|x86.ActiveCfg = Release|Any CPU
		{A7903C03-E68F-4EA6-B52F-E3EAF5B47C31}.Release|x86.Build.0 = Release|Any CPU
		{F8A89724-5109-4E45-8DB8-278493DABAD2}.Debug|Any CPU.ActiveCfg = Debug|Any CPU
		{F8A89724-5109-4E45-8DB8-278493DABAD2}.Debug|Any CPU.Build.0 = Debug|Any CPU
		{F8A89724-5109-4E45-8DB8-278493DABAD2}.Debug|ARM.ActiveCfg = Debug|Any CPU
		{F8A89724-5109-4E45-8DB8-278493DABAD2}.Debug|ARM.Build.0 = Debug|Any CPU
		{F8A89724-5109-4E45-8DB8-278493DABAD2}.Debug|ARM64.ActiveCfg = Debug|Any CPU
		{F8A89724-5109-4E45-8DB8-278493DABAD2}.Debug|ARM64.Build.0 = Debug|Any CPU
		{F8A89724-5109-4E45-8DB8-278493DABAD2}.Debug|x64.ActiveCfg = Debug|Any CPU
		{F8A89724-5109-4E45-8DB8-278493DABAD2}.Debug|x64.Build.0 = Debug|Any CPU
		{F8A89724-5109-4E45-8DB8-278493DABAD2}.Debug|x86.ActiveCfg = Debug|Any CPU
		{F8A89724-5109-4E45-8DB8-278493DABAD2}.Debug|x86.Build.0 = Debug|Any CPU
		{F8A89724-5109-4E45-8DB8-278493DABAD2}.Release|Any CPU.ActiveCfg = Release|Any CPU
		{F8A89724-5109-4E45-8DB8-278493DABAD2}.Release|Any CPU.Build.0 = Release|Any CPU
		{F8A89724-5109-4E45-8DB8-278493DABAD2}.Release|ARM.ActiveCfg = Release|Any CPU
		{F8A89724-5109-4E45-8DB8-278493DABAD2}.Release|ARM.Build.0 = Release|Any CPU
		{F8A89724-5109-4E45-8DB8-278493DABAD2}.Release|ARM64.ActiveCfg = Release|Any CPU
		{F8A89724-5109-4E45-8DB8-278493DABAD2}.Release|ARM64.Build.0 = Release|Any CPU
		{F8A89724-5109-4E45-8DB8-278493DABAD2}.Release|x64.ActiveCfg = Release|Any CPU
		{F8A89724-5109-4E45-8DB8-278493DABAD2}.Release|x64.Build.0 = Release|Any CPU
		{F8A89724-5109-4E45-8DB8-278493DABAD2}.Release|x86.ActiveCfg = Release|Any CPU
		{F8A89724-5109-4E45-8DB8-278493DABAD2}.Release|x86.Build.0 = Release|Any CPU
		{BB2FBD41-BD38-44EA-BC47-55801638BD09}.Debug|Any CPU.ActiveCfg = Debug|Any CPU
		{BB2FBD41-BD38-44EA-BC47-55801638BD09}.Debug|Any CPU.Build.0 = Debug|Any CPU
		{BB2FBD41-BD38-44EA-BC47-55801638BD09}.Debug|ARM.ActiveCfg = Debug|Any CPU
		{BB2FBD41-BD38-44EA-BC47-55801638BD09}.Debug|ARM.Build.0 = Debug|Any CPU
		{BB2FBD41-BD38-44EA-BC47-55801638BD09}.Debug|ARM64.ActiveCfg = Debug|Any CPU
		{BB2FBD41-BD38-44EA-BC47-55801638BD09}.Debug|ARM64.Build.0 = Debug|Any CPU
		{BB2FBD41-BD38-44EA-BC47-55801638BD09}.Debug|x64.ActiveCfg = Debug|Any CPU
		{BB2FBD41-BD38-44EA-BC47-55801638BD09}.Debug|x64.Build.0 = Debug|Any CPU
		{BB2FBD41-BD38-44EA-BC47-55801638BD09}.Debug|x86.ActiveCfg = Debug|Any CPU
		{BB2FBD41-BD38-44EA-BC47-55801638BD09}.Debug|x86.Build.0 = Debug|Any CPU
		{BB2FBD41-BD38-44EA-BC47-55801638BD09}.Release|Any CPU.ActiveCfg = Release|Any CPU
		{BB2FBD41-BD38-44EA-BC47-55801638BD09}.Release|Any CPU.Build.0 = Release|Any CPU
		{BB2FBD41-BD38-44EA-BC47-55801638BD09}.Release|ARM.ActiveCfg = Release|Any CPU
		{BB2FBD41-BD38-44EA-BC47-55801638BD09}.Release|ARM.Build.0 = Release|Any CPU
		{BB2FBD41-BD38-44EA-BC47-55801638BD09}.Release|ARM64.ActiveCfg = Release|Any CPU
		{BB2FBD41-BD38-44EA-BC47-55801638BD09}.Release|ARM64.Build.0 = Release|Any CPU
		{BB2FBD41-BD38-44EA-BC47-55801638BD09}.Release|x64.ActiveCfg = Release|Any CPU
		{BB2FBD41-BD38-44EA-BC47-55801638BD09}.Release|x64.Build.0 = Release|Any CPU
		{BB2FBD41-BD38-44EA-BC47-55801638BD09}.Release|x86.ActiveCfg = Release|Any CPU
		{BB2FBD41-BD38-44EA-BC47-55801638BD09}.Release|x86.Build.0 = Release|Any CPU
		{DC110E1E-9580-49F0-B855-B02FBE8A2E1B}.Debug|Any CPU.ActiveCfg = Debug
		{DC110E1E-9580-49F0-B855-B02FBE8A2E1B}.Debug|Any CPU.Build.0 = Debug
		{DC110E1E-9580-49F0-B855-B02FBE8A2E1B}.Debug|ARM.ActiveCfg = Debug
		{DC110E1E-9580-49F0-B855-B02FBE8A2E1B}.Debug|ARM.Build.0 = Debug
		{DC110E1E-9580-49F0-B855-B02FBE8A2E1B}.Debug|ARM64.ActiveCfg = Debug
		{DC110E1E-9580-49F0-B855-B02FBE8A2E1B}.Debug|ARM64.Build.0 = Debug
		{DC110E1E-9580-49F0-B855-B02FBE8A2E1B}.Debug|x64.ActiveCfg = Debug
		{DC110E1E-9580-49F0-B855-B02FBE8A2E1B}.Debug|x64.Build.0 = Debug
		{DC110E1E-9580-49F0-B855-B02FBE8A2E1B}.Debug|x86.ActiveCfg = Debug
		{DC110E1E-9580-49F0-B855-B02FBE8A2E1B}.Debug|x86.Build.0 = Debug
		{DC110E1E-9580-49F0-B855-B02FBE8A2E1B}.Release|Any CPU.ActiveCfg = Release
		{DC110E1E-9580-49F0-B855-B02FBE8A2E1B}.Release|Any CPU.Build.0 = Release
		{DC110E1E-9580-49F0-B855-B02FBE8A2E1B}.Release|ARM.ActiveCfg = Release
		{DC110E1E-9580-49F0-B855-B02FBE8A2E1B}.Release|ARM.Build.0 = Release
		{DC110E1E-9580-49F0-B855-B02FBE8A2E1B}.Release|ARM64.ActiveCfg = Release
		{DC110E1E-9580-49F0-B855-B02FBE8A2E1B}.Release|ARM64.Build.0 = Release
		{DC110E1E-9580-49F0-B855-B02FBE8A2E1B}.Release|x64.ActiveCfg = Release
		{DC110E1E-9580-49F0-B855-B02FBE8A2E1B}.Release|x64.Build.0 = Release
		{DC110E1E-9580-49F0-B855-B02FBE8A2E1B}.Release|x86.ActiveCfg = Release
		{DC110E1E-9580-49F0-B855-B02FBE8A2E1B}.Release|x86.Build.0 = Release
	EndGlobalSection
	GlobalSection(SolutionProperties) = preSolution
		HideSolutionNode = FALSE
	EndGlobalSection
	GlobalSection(ExtensibilityGlobals) = postSolution
		SolutionGuid = {DE15F840-38E4-457E-BCEE-B2C9C51B2786}
	EndGlobalSection
EndGlobal
